// !$*UTF8*$!
{
	archiveVersion = 1;
	classes = {
	};
	objectVersion = 46;
	objects = {

/* Begin PBXBuildFile section */
		012072E51D24C6120067C2CD /* main.m in Sources */ = {isa = PBXBuildFile; fileRef = 012072E41D24C6120067C2CD /* main.m */; };
		012072E81D24C6120067C2CD /* AppDelegate.m in Sources */ = {isa = PBXBuildFile; fileRef = 012072E71D24C6120067C2CD /* AppDelegate.m */; };
		012072EB1D24C6120067C2CD /* ViewController.m in Sources */ = {isa = PBXBuildFile; fileRef = 012072EA1D24C6120067C2CD /* ViewController.m */; };
		012072EE1D24C6120067C2CD /* Main.storyboard in Resources */ = {isa = PBXBuildFile; fileRef = 012072EC1D24C6120067C2CD /* Main.storyboard */; };
		012072F01D24C6120067C2CD /* Assets.xcassets in Resources */ = {isa = PBXBuildFile; fileRef = 012072EF1D24C6120067C2CD /* Assets.xcassets */; };
		012072F31D24C6120067C2CD /* LaunchScreen.storyboard in Resources */ = {isa = PBXBuildFile; fileRef = 012072F11D24C6120067C2CD /* LaunchScreen.storyboard */; };
		012072FD1D24C8390067C2CD /* FZLocationService.m in Sources */ = {isa = PBXBuildFile; fileRef = 012072FC1D24C8390067C2CD /* FZLocationService.m */; };
		FC4D0CB39A507AB9BC152B74 /* libPods-FZLocationDemo.a in Frameworks */ = {isa = PBXBuildFile; fileRef = 71E4A3540717CAA543AC842E /* libPods-FZLocationDemo.a */; };
/* End PBXBuildFile section */

/* Begin PBXFileReference section */
		012072E01D24C6120067C2CD /* FZLocationDemo.app */ = {isa = PBXFileReference; explicitFileType = wrapper.application; includeInIndex = 0; path = FZLocationDemo.app; sourceTree = BUILT_PRODUCTS_DIR; };
		012072E41D24C6120067C2CD /* main.m */ = {isa = PBXFileReference; lastKnownFileType = sourcecode.c.objc; path = main.m; sourceTree = "<group>"; };
		012072E61D24C6120067C2CD /* AppDelegate.h */ = {isa = PBXFileReference; lastKnownFileType = sourcecode.c.h; path = AppDelegate.h; sourceTree = "<group>"; };
		012072E71D24C6120067C2CD /* AppDelegate.m */ = {isa = PBXFileReference; lastKnownFileType = sourcecode.c.objc; path = AppDelegate.m; sourceTree = "<group>"; };
		012072E91D24C6120067C2CD /* ViewController.h */ = {isa = PBXFileReference; lastKnownFileType = sourcecode.c.h; path = ViewController.h; sourceTree = "<group>"; };
		012072EA1D24C6120067C2CD /* ViewController.m */ = {isa = PBXFileReference; lastKnownFileType = sourcecode.c.objc; path = ViewController.m; sourceTree = "<group>"; };
		012072ED1D24C6120067C2CD /* Base */ = {isa = PBXFileReference; lastKnownFileType = file.storyboard; name = Base; path = Base.lproj/Main.storyboard; sourceTree = "<group>"; };
		012072EF1D24C6120067C2CD /* Assets.xcassets */ = {isa = PBXFileReference; lastKnownFileType = folder.assetcatalog; path = Assets.xcassets; sourceTree = "<group>"; };
		012072F21D24C6120067C2CD /* Base */ = {isa = PBXFileReference; lastKnownFileType = file.storyboard; name = Base; path = Base.lproj/LaunchScreen.storyboard; sourceTree = "<group>"; };
		012072F41D24C6120067C2CD /* Info.plist */ = {isa = PBXFileReference; lastKnownFileType = text.plist.xml; path = Info.plist; sourceTree = "<group>"; };
		012072FB1D24C8390067C2CD /* FZLocationService.h */ = {isa = PBXFileReference; fileEncoding = 4; lastKnownFileType = sourcecode.c.h; path = FZLocationService.h; sourceTree = "<group>"; };
		012072FC1D24C8390067C2CD /* FZLocationService.m */ = {isa = PBXFileReference; fileEncoding = 4; lastKnownFileType = sourcecode.c.objc; path = FZLocationService.m; sourceTree = "<group>"; };
		71E4A3540717CAA543AC842E /* libPods-FZLocationDemo.a */ = {isa = PBXFileReference; explicitFileType = archive.ar; includeInIndex = 0; path = "libPods-FZLocationDemo.a"; sourceTree = BUILT_PRODUCTS_DIR; };
		A33A718C24D57258CCF64C55 /* Pods-FZLocationDemo.release.xcconfig */ = {isa = PBXFileReference; includeInIndex = 1; lastKnownFileType = text.xcconfig; name = "Pods-FZLocationDemo.release.xcconfig"; path = "Pods/Target Support Files/Pods-FZLocationDemo/Pods-FZLocationDemo.release.xcconfig"; sourceTree = "<group>"; };
		AA36B83D3824FB5F3E9A4316 /* Pods-FZLocationDemo.debug.xcconfig */ = {isa = PBXFileReference; includeInIndex = 1; lastKnownFileType = text.xcconfig; name = "Pods-FZLocationDemo.debug.xcconfig"; path = "Pods/Target Support Files/Pods-FZLocationDemo/Pods-FZLocationDemo.debug.xcconfig"; sourceTree = "<group>"; };
/* End PBXFileReference section */

/* Begin PBXFrameworksBuildPhase section */
		012072DD1D24C6120067C2CD /* Frameworks */ = {
			isa = PBXFrameworksBuildPhase;
			buildActionMask = 2147483647;
			files = (
				FC4D0CB39A507AB9BC152B74 /* libPods-FZLocationDemo.a in Frameworks */,
			);
			runOnlyForDeploymentPostprocessing = 0;
		};
/* End PBXFrameworksBuildPhase section */

/* Begin PBXGroup section */
		012072D71D24C6120067C2CD = {
			isa = PBXGroup;
			children = (
				012072FA1D24C7F10067C2CD /* FZLocationService */,
				012072E21D24C6120067C2CD /* FZLocationDemo */,
				012072E11D24C6120067C2CD /* Products */,
				756E7E46253290C6F6C917D1 /* Pods */,
				7085332D7703AF15C3EC57A8 /* Frameworks */,
			);
			sourceTree = "<group>";
		};
		012072E11D24C6120067C2CD /* Products */ = {
			isa = PBXGroup;
			children = (
				012072E01D24C6120067C2CD /* FZLocationDemo.app */,
			);
			name = Products;
			sourceTree = "<group>";
		};
		012072E21D24C6120067C2CD /* FZLocationDemo */ = {
			isa = PBXGroup;
			children = (
				012072E61D24C6120067C2CD /* AppDelegate.h */,
				012072E71D24C6120067C2CD /* AppDelegate.m */,
				012072E91D24C6120067C2CD /* ViewController.h */,
				012072EA1D24C6120067C2CD /* ViewController.m */,
				012072EC1D24C6120067C2CD /* Main.storyboard */,
				012072EF1D24C6120067C2CD /* Assets.xcassets */,
				012072F11D24C6120067C2CD /* LaunchScreen.storyboard */,
				012072F41D24C6120067C2CD /* Info.plist */,
				012072E31D24C6120067C2CD /* Supporting Files */,
			);
			path = FZLocationDemo;
			sourceTree = "<group>";
		};
		012072E31D24C6120067C2CD /* Supporting Files */ = {
			isa = PBXGroup;
			children = (
				012072E41D24C6120067C2CD /* main.m */,
			);
			name = "Supporting Files";
			sourceTree = "<group>";
		};
		012072FA1D24C7F10067C2CD /* FZLocationService */ = {
			isa = PBXGroup;
			children = (
				012072FB1D24C8390067C2CD /* FZLocationService.h */,
				012072FC1D24C8390067C2CD /* FZLocationService.m */,
			);
			path = FZLocationService;
			sourceTree = "<group>";
		};
		7085332D7703AF15C3EC57A8 /* Frameworks */ = {
			isa = PBXGroup;
			children = (
				71E4A3540717CAA543AC842E /* libPods-FZLocationDemo.a */,
			);
			name = Frameworks;
			sourceTree = "<group>";
		};
		756E7E46253290C6F6C917D1 /* Pods */ = {
			isa = PBXGroup;
			children = (
				AA36B83D3824FB5F3E9A4316 /* Pods-FZLocationDemo.debug.xcconfig */,
				A33A718C24D57258CCF64C55 /* Pods-FZLocationDemo.release.xcconfig */,
			);
			name = Pods;
			sourceTree = "<group>";
		};
/* End PBXGroup section */

/* Begin PBXNativeTarget section */
		012072DF1D24C6120067C2CD /* FZLocationDemo */ = {
			isa = PBXNativeTarget;
			buildConfigurationList = 012072F71D24C6120067C2CD /* Build configuration list for PBXNativeTarget "FZLocationDemo" */;
			buildPhases = (
				0EDA42A4AF11105B9C5E70F4 /* [CP] Check Pods Manifest.lock */,
				012072DC1D24C6120067C2CD /* Sources */,
				012072DD1D24C6120067C2CD /* Frameworks */,
				012072DE1D24C6120067C2CD /* Resources */,
				CD04546A89E3C5EEA6C13ADD /* [CP] Embed Pods Frameworks */,
				5BF3E8B1101D67CC3349B204 /* [CP] Copy Pods Resources */,
			);
			buildRules = (
			);
			dependencies = (
			);
			name = FZLocationDemo;
			productName = FZLocationDemo;
			productReference = 012072E01D24C6120067C2CD /* FZLocationDemo.app */;
			productType = "com.apple.product-type.application";
		};
/* End PBXNativeTarget section */

/* Begin PBXProject section */
		012072D81D24C6120067C2CD /* Project object */ = {
			isa = PBXProject;
			attributes = {
				LastUpgradeCheck = 0730;
				ORGANIZATIONNAME = Frank;
				TargetAttributes = {
					012072DF1D24C6120067C2CD = {
						CreatedOnToolsVersion = 7.3.1;
					};
				};
			};
			buildConfigurationList = 012072DB1D24C6120067C2CD /* Build configuration list for PBXProject "FZLocationDemo" */;
			compatibilityVersion = "Xcode 3.2";
			developmentRegion = English;
			hasScannedForEncodings = 0;
			knownRegions = (
				en,
				Base,
			);
			mainGroup = 012072D71D24C6120067C2CD;
			productRefGroup = 012072E11D24C6120067C2CD /* Products */;
			projectDirPath = "";
			projectRoot = "";
			targets = (
				012072DF1D24C6120067C2CD /* FZLocationDemo */,
			);
		};
/* End PBXProject section */

/* Begin PBXResourcesBuildPhase section */
		012072DE1D24C6120067C2CD /* Resources */ = {
			isa = PBXResourcesBuildPhase;
			buildActionMask = 2147483647;
			files = (
				012072F31D24C6120067C2CD /* LaunchScreen.storyboard in Resources */,
				012072F01D24C6120067C2CD /* Assets.xcassets in Resources */,
				012072EE1D24C6120067C2CD /* Main.storyboard in Resources */,
			);
			runOnlyForDeploymentPostprocessing = 0;
		};
/* End PBXResourcesBuildPhase section */

/* Begin PBXShellScriptBuildPhase section */
		0EDA42A4AF11105B9C5E70F4 /* [CP] Check Pods Manifest.lock */ = {
			isa = PBXShellScriptBuildPhase;
			buildActionMask = 2147483647;
			files = (
			);
			inputPaths = (
			);
			name = "[CP] Check Pods Manifest.lock";
			outputPaths = (
			);
			runOnlyForDeploymentPostprocessing = 0;
			shellPath = /bin/sh;
			shellScript = "diff \"${PODS_ROOT}/../Podfile.lock\" \"${PODS_ROOT}/Manifest.lock\" > /dev/null\nif [[ $? != 0 ]] ; then\n    cat << EOM\nerror: The sandbox is not in sync with the Podfile.lock. Run 'pod install' or update your CocoaPods installation.\nEOM\n    exit 1\nfi\n";
			showEnvVarsInLog = 0;
		};
		5BF3E8B1101D67CC3349B204 /* [CP] Copy Pods Resources */ = {
			isa = PBXShellScriptBuildPhase;
			buildActionMask = 2147483647;
			files = (
			);
			inputPaths = (
			);
			name = "[CP] Copy Pods Resources";
			outputPaths = (
			);
			runOnlyForDeploymentPostprocessing = 0;
			shellPath = /bin/sh;
			shellScript = "\"${SRCROOT}/Pods/Target Support Files/Pods-FZLocationDemo/Pods-FZLocationDemo-resources.sh\"\n";
			showEnvVarsInLog = 0;
		};
		CD04546A89E3C5EEA6C13ADD /* [CP] Embed Pods Frameworks */ = {
			isa = PBXShellScriptBuildPhase;
			buildActionMask = 2147483647;
			files = (
			);
			inputPaths = (
			);
			name = "[CP] Embed Pods Frameworks";
			outputPaths = (
			);
			runOnlyForDeploymentPostprocessing = 0;
			shellPath = /bin/sh;
			shellScript = "\"${SRCROOT}/Pods/Target Support Files/Pods-FZLocationDemo/Pods-FZLocationDemo-frameworks.sh\"\n";
			showEnvVarsInLog = 0;
		};
/* End PBXShellScriptBuildPhase section */

/* Begin PBXSourcesBuildPhase section */
		012072DC1D24C6120067C2CD /* Sources */ = {
			isa = PBXSourcesBuildPhase;
			buildActionMask = 2147483647;
			files = (
				012072FD1D24C8390067C2CD /* FZLocationService.m in Sources */,
				012072EB1D24C6120067C2CD /* ViewController.m in Sources */,
				012072E81D24C6120067C2CD /* AppDelegate.m in Sources */,
				012072E51D24C6120067C2CD /* main.m in Sources */,
			);
			runOnlyForDeploymentPostprocessing = 0;
		};
/* End PBXSourcesBuildPhase section */

/* Begin PBXVariantGroup section */
		012072EC1D24C6120067C2CD /* Main.storyboard */ = {
			isa = PBXVariantGroup;
			children = (
				012072ED1D24C6120067C2CD /* Base */,
			);
			name = Main.storyboard;
			sourceTree = "<group>";
		};
		012072F11D24C6120067C2CD /* LaunchScreen.storyboard */ = {
			isa = PBXVariantGroup;
			children = (
				012072F21D24C6120067C2CD /* Base */,
			);
			name = LaunchScreen.storyboard;
			sourceTree = "<group>";
		};
/* End PBXVariantGroup section */

/* Begin XCBuildConfiguration section */
		012072F51D24C6120067C2CD /* Debug */ = {
			isa = XCBuildConfiguration;
			buildSettings = {
				ALWAYS_SEARCH_USER_PATHS = NO;
				CLANG_ANALYZER_NONNULL = YES;
				CLANG_CXX_LANGUAGE_STANDARD = "gnu++0x";
				CLANG_CXX_LIBRARY = "libc++";
				CLANG_ENABLE_MODULES = YES;
				CLANG_ENABLE_OBJC_ARC = YES;
				CLANG_WARN_BOOL_CONVERSION = YES;
				CLANG_WARN_CONSTANT_CONVERSION = YES;
				CLANG_WARN_DIRECT_OBJC_ISA_USAGE = YES_ERROR;
				CLANG_WARN_EMPTY_BODY = YES;
				CLANG_WARN_ENUM_CONVERSION = YES;
				CLANG_WARN_INT_CONVERSION = YES;
				CLANG_WARN_OBJC_ROOT_CLASS = YES_ERROR;
				CLANG_WARN_UNREACHABLE_CODE = YES;
				CLANG_WARN__DUPLICATE_METHOD_MATCH = YES;
				"CODE_SIGN_IDENTITY[sdk=iphoneos*]" = "iPhone Developer";
				COPY_PHASE_STRIP = NO;
				DEBUG_INFORMATION_FORMAT = dwarf;
				ENABLE_STRICT_OBJC_MSGSEND = YES;
				ENABLE_TESTABILITY = YES;
				GCC_C_LANGUAGE_STANDARD = gnu99;
				GCC_DYNAMIC_NO_PIC = NO;
				GCC_NO_COMMON_BLOCKS = YES;
				GCC_OPTIMIZATION_LEVEL = 0;
				GCC_PREPROCESSOR_DEFINITIONS = (
					"DEBUG=1",
					"$(inherited)",
				);
				GCC_WARN_64_TO_32_BIT_CONVERSION = YES;
				GCC_WARN_ABOUT_RETURN_TYPE = YES_ERROR;
				GCC_WARN_UNDECLARED_SELECTOR = YES;
				GCC_WARN_UNINITIALIZED_AUTOS = YES_AGGRESSIVE;
				GCC_WARN_UNUSED_FUNCTION = YES;
				GCC_WARN_UNUSED_VARIABLE = YES;
				IPHONEOS_DEPLOYMENT_TARGET = 9.3;
				MTL_ENABLE_DEBUG_INFO = YES;
				ONLY_ACTIVE_ARCH = YES;
				SDKROOT = iphoneos;
			};
			name = Debug;
		};
		012072F61D24C6120067C2CD /* Release */ = {
			isa = XCBuildConfiguration;
			buildSettings = {
				ALWAYS_SEARCH_USER_PATHS = NO;
				CLANG_ANALYZER_NONNULL = YES;
				CLANG_CXX_LANGUAGE_STANDARD = "gnu++0x";
				CLANG_CXX_LIBRARY = "libc++";
				CLANG_ENABLE_MODULES = YES;
				CLANG_ENABLE_OBJC_ARC = YES;
				CLANG_WARN_BOOL_CONVERSION = YES;
				CLANG_WARN_CONSTANT_CONVERSION = YES;
				CLANG_WARN_DIRECT_OBJC_ISA_USAGE = YES_ERROR;
				CLANG_WARN_EMPTY_BODY = YES;
				CLANG_WARN_ENUM_CONVERSION = YES;
				CLANG_WARN_INT_CONVERSION = YES;
				CLANG_WARN_OBJC_ROOT_CLASS = YES_ERROR;
				CLANG_WARN_UNREACHABLE_CODE = YES;
				CLANG_WARN__DUPLICATE_METHOD_MATCH = YES;
				"CODE_SIGN_IDENTITY[sdk=iphoneos*]" = "iPhone Developer";
				COPY_PHASE_STRIP = NO;
				DEBUG_INFORMATION_FORMAT = "dwarf-with-dsym";
				ENABLE_NS_ASSERTIONS = NO;
				ENABLE_STRICT_OBJC_MSGSEND = YES;
				GCC_C_LANGUAGE_STANDARD = gnu99;
				GCC_NO_COMMON_BLOCKS = YES;
				GCC_WARN_64_TO_32_BIT_CONVERSION = YES;
				GCC_WARN_ABOUT_RETURN_TYPE = YES_ERROR;
				GCC_WARN_UNDECLARED_SELECTOR = YES;
				GCC_WARN_UNINITIALIZED_AUTOS = YES_AGGRESSIVE;
				GCC_WARN_UNUSED_FUNCTION = YES;
				GCC_WARN_UNUSED_VARIABLE = YES;
				IPHONEOS_DEPLOYMENT_TARGET = 9.3;
				MTL_ENABLE_DEBUG_INFO = NO;
				SDKROOT = iphoneos;
				VALIDATE_PRODUCT = YES;
			};
			name = Release;
		};
		012072F81D24C6120067C2CD /* Debug */ = {
			isa = XCBuildConfiguration;
			baseConfigurationReference = AA36B83D3824FB5F3E9A4316 /* Pods-FZLocationDemo.debug.xcconfig */;
			buildSettings = {
				ASSETCATALOG_COMPILER_APPICON_NAME = AppIcon;
				INFOPLIST_FILE = FZLocationDemo/Info.plist;
				LD_RUNPATH_SEARCH_PATHS = "$(inherited) @executable_path/Frameworks";
				PRODUCT_BUNDLE_IDENTIFIER = com.fz.FZLocationDemo;
				PRODUCT_NAME = "$(TARGET_NAME)";
			};
			name = Debug;
		};
		012072F91D24C6120067C2CD /* Release */ = {
			isa = XCBuildConfiguration;
			baseConfigurationReference = A33A718C24D57258CCF64C55 /* Pods-FZLocationDemo.release.xcconfig */;
			buildSettings = {
				ASSETCATALOG_COMPILER_APPICON_NAME = AppIcon;
				INFOPLIST_FILE = FZLocationDemo/Info.plist;
				LD_RUNPATH_SEARCH_PATHS = "$(inherited) @executable_path/Frameworks";
				PRODUCT_BUNDLE_IDENTIFIER = com.fz.FZLocationDemo;
				PRODUCT_NAME = "$(TARGET_NAME)";
			};
			name = Release;
		};
/* End XCBuildConfiguration section */

/* Begin XCConfigurationList section */
		012072DB1D24C6120067C2CD /* Build configuration list for PBXProject "FZLocationDemo" */ = {
			isa = XCConfigurationList;
			buildConfigurations = (
				012072F51D24C6120067C2CD /* Debug */,
				012072F61D24C6120067C2CD /* Release */,
			);
			defaultConfigurationIsVisible = 0;
			defaultConfigurationName = Release;
		};
		012072F71D24C6120067C2CD /* Build configuration list for PBXNativeTarget "FZLocationDemo" */ = {
			isa = XCConfigurationList;
			buildConfigurations = (
				012072F81D24C6120067C2CD /* Debug */,
				012072F91D24C6120067C2CD /* Release */,
			);
			defaultConfigurationIsVisible = 0;
			defaultConfigurationName = Release;
		};
/* End XCConfigurationList section */
	};
	rootObject = 012072D81D24C6120067C2CD /* Project object */;
}
